
Microsoft Visual Studio Solution File, Format Version 12.00
# Visual Studio Version 17
VisualStudioVersion = 17.14.36301.6 d17.14
MinimumVisualStudioVersion = 10.0.40219.1
Project("{FAE04EC0-301F-11D3-BF4B-00C04F79EFBC}") = "Emiluppg4", "Emiluppg4\Emiluppg4.csproj", "{F7001B3B-2C14-4B21-8543-D25111A5A7E8}"
EndProject
Global
	GlobalSection(SolutionConfigurationPlatforms) = preSolution
		Debug|Any CPU = Debug|Any CPU
		Release|Any CPU = Release|Any CPU
	EndGlobalSection
	GlobalSection(ProjectConfigurationPlatforms) = postSolution
		{F7001B3B-2C14-4B21-8543-D25111A5A7E8}.Debug|Any CPU.ActiveCfg = Debug|Any CPU
		{F7001B3B-2C14-4B21-8543-D25111A5A7E8}.Debug|Any CPU.Build.0 = Debug|Any CPU
		{F7001B3B-2C14-4B21-8543-D25111A5A7E8}.Release|Any CPU.ActiveCfg = Release|Any CPU
		{F7001B3B-2C14-4B21-8543-D25111A5A7E8}.Release|Any CPU.Build.0 = Release|Any CPU
	EndGlobalSection
	GlobalSection(SolutionProperties) = preSolution
		HideSolutionNode = FALSE
	EndGlobalSection
	GlobalSection(ExtensibilityGlobals) = postSolution
		SolutionGuid = {2360F1B1-AC17-4A56-86F0-9EB1A461E222}
	EndGlobalSection
EndGlobal
