
Microsoft Visual Studio Solution File, Format Version 12.00
# Visual Studio Version 17
VisualStudioVersion = 17.14.36301.6 d17.14
MinimumVisualStudioVersion = 10.0.40219.1
Project("{FAE04EC0-301F-11D3-BF4B-00C04F79EFBC}") = "uppgift 5 - Adam Nilsson", "uppgift 5 - Adam Nilsson\uppgift 5 - Adam Nilsson.csproj", "{61A4BE73-2805-4B5E-B278-8442762117DF}"
EndProject
Global
	GlobalSection(SolutionConfigurationPlatforms) = preSolution
		Debug|Any CPU = Debug|Any CPU
		Release|Any CPU = Release|Any CPU
	EndGlobalSection
	GlobalSection(ProjectConfigurationPlatforms) = postSolution
		{61A4BE73-2805-4B5E-B278-8442762117DF}.Debug|Any CPU.ActiveCfg = Debug|Any CPU
		{61A4BE73-2805-4B5E-B278-8442762117DF}.Debug|Any CPU.Build.0 = Debug|Any CPU
		{61A4BE73-2805-4B5E-B278-8442762117DF}.Release|Any CPU.ActiveCfg = Release|Any CPU
		{61A4BE73-2805-4B5E-B278-8442762117DF}.Release|Any CPU.Build.0 = Release|Any CPU
	EndGlobalSection
	GlobalSection(SolutionProperties) = preSolution
		HideSolutionNode = FALSE
	EndGlobalSection
	GlobalSection(ExtensibilityGlobals) = postSolution
		SolutionGuid = {131E12C2-25EF-4ACC-B4E9-7B8215BA3530}
	EndGlobalSection
EndGlobal
