
Microsoft Visual Studio Solution File, Format Version 12.00
# Visual Studio Version 17
VisualStudioVersion = 17.14.36301.6 d17.14
MinimumVisualStudioVersion = 10.0.40219.1
Project("{FAE04EC0-301F-11D3-BF4B-00C04F79EFBC}") = "sax sten påse", "sax sten påse\sax sten påse.csproj", "{E4CA19E2-690F-4675-A0F6-D9E51CA60D63}"
EndProject
Global
	GlobalSection(SolutionConfigurationPlatforms) = preSolution
		Debug|Any CPU = Debug|Any CPU
		Release|Any CPU = Release|Any CPU
	EndGlobalSection
	GlobalSection(ProjectConfigurationPlatforms) = postSolution
		{E4CA19E2-690F-4675-A0F6-D9E51CA60D63}.Debug|Any CPU.ActiveCfg = Debug|Any CPU
		{E4CA19E2-690F-4675-A0F6-D9E51CA60D63}.Debug|Any CPU.Build.0 = Debug|Any CPU
		{E4CA19E2-690F-4675-A0F6-D9E51CA60D63}.Release|Any CPU.ActiveCfg = Release|Any CPU
		{E4CA19E2-690F-4675-A0F6-D9E51CA60D63}.Release|Any CPU.Build.0 = Release|Any CPU
	EndGlobalSection
	GlobalSection(SolutionProperties) = preSolution
		HideSolutionNode = FALSE
	EndGlobalSection
	GlobalSection(ExtensibilityGlobals) = postSolution
		SolutionGuid = {4D538CFC-C3B8-426A-9A32-7ABB9693812B}
	EndGlobalSection
EndGlobal
