
Microsoft Visual Studio Solution File, Format Version 12.00
# Visual Studio Version 17
VisualStudioVersion = 17.14.36301.6 d17.14
MinimumVisualStudioVersion = 10.0.40219.1
Project("{FAE04EC0-301F-11D3-BF4B-00C04F79EFBC}") = "uppgift 4", "uppgift 4\uppgift 4.csproj", "{034AE399-F46C-489C-B989-B104A64EBC5B}"
EndProject
Global
	GlobalSection(SolutionConfigurationPlatforms) = preSolution
		Debug|Any CPU = Debug|Any CPU
		Release|Any CPU = Release|Any CPU
	EndGlobalSection
	GlobalSection(ProjectConfigurationPlatforms) = postSolution
		{034AE399-F46C-489C-B989-B104A64EBC5B}.Debug|Any CPU.ActiveCfg = Debug|Any CPU
		{034AE399-F46C-489C-B989-B104A64EBC5B}.Debug|Any CPU.Build.0 = Debug|Any CPU
		{034AE399-F46C-489C-B989-B104A64EBC5B}.Release|Any CPU.ActiveCfg = Release|Any CPU
		{034AE399-F46C-489C-B989-B104A64EBC5B}.Release|Any CPU.Build.0 = Release|Any CPU
	EndGlobalSection
	GlobalSection(SolutionProperties) = preSolution
		HideSolutionNode = FALSE
	EndGlobalSection
	GlobalSection(ExtensibilityGlobals) = postSolution
		SolutionGuid = {7946C7D6-91BB-4CD0-9761-93D3FFE6D437}
	EndGlobalSection
EndGlobal
