
Microsoft Visual Studio Solution File, Format Version 12.00
# Visual Studio Version 17
VisualStudioVersion = 17.14.36301.6 d17.14
MinimumVisualStudioVersion = 10.0.40219.1
Project("{FAE04EC0-301F-11D3-BF4B-00C04F79EFBC}") = "uppgift 11 - Klasser", "uppgift 11 - Klasser\uppgift 11 - Klasser.csproj", "{7D540458-2B26-4890-8EEC-B66BBE998817}"
EndProject
Global
	GlobalSection(SolutionConfigurationPlatforms) = preSolution
		Debug|Any CPU = Debug|Any CPU
		Release|Any CPU = Release|Any CPU
	EndGlobalSection
	GlobalSection(ProjectConfigurationPlatforms) = postSolution
		{7D540458-2B26-4890-8EEC-B66BBE998817}.Debug|Any CPU.ActiveCfg = Debug|Any CPU
		{7D540458-2B26-4890-8EEC-B66BBE998817}.Debug|Any CPU.Build.0 = Debug|Any CPU
		{7D540458-2B26-4890-8EEC-B66BBE998817}.Release|Any CPU.ActiveCfg = Release|Any CPU
		{7D540458-2B26-4890-8EEC-B66BBE998817}.Release|Any CPU.Build.0 = Release|Any CPU
	EndGlobalSection
	GlobalSection(SolutionProperties) = preSolution
		HideSolutionNode = FALSE
	EndGlobalSection
	GlobalSection(ExtensibilityGlobals) = postSolution
		SolutionGuid = {E687174B-1929-4B17-B27F-1AB6306F43F9}
	EndGlobalSection
EndGlobal
