
Microsoft Visual Studio Solution File, Format Version 12.00
# Visual Studio Version 17
VisualStudioVersion = 17.14.36301.6 d17.14
MinimumVisualStudioVersion = 10.0.40219.1
Project("{FAE04EC0-301F-11D3-BF4B-00C04F79EFBC}") = "Lejjandro_For loop", "Lejjandro_For loop\Lejjandro_For loop.csproj", "{D7DDD612-AEF1-4EF4-A133-A5FAB0372D3E}"
EndProject
Global
	GlobalSection(SolutionConfigurationPlatforms) = preSolution
		Debug|Any CPU = Debug|Any CPU
		Release|Any CPU = Release|Any CPU
	EndGlobalSection
	GlobalSection(ProjectConfigurationPlatforms) = postSolution
		{D7DDD612-AEF1-4EF4-A133-A5FAB0372D3E}.Debug|Any CPU.ActiveCfg = Debug|Any CPU
		{D7DDD612-AEF1-4EF4-A133-A5FAB0372D3E}.Debug|Any CPU.Build.0 = Debug|Any CPU
		{D7DDD612-AEF1-4EF4-A133-A5FAB0372D3E}.Release|Any CPU.ActiveCfg = Release|Any CPU
		{D7DDD612-AEF1-4EF4-A133-A5FAB0372D3E}.Release|Any CPU.Build.0 = Release|Any CPU
	EndGlobalSection
	GlobalSection(SolutionProperties) = preSolution
		HideSolutionNode = FALSE
	EndGlobalSection
	GlobalSection(ExtensibilityGlobals) = postSolution
		SolutionGuid = {0CBBAE2C-28FB-4988-97ED-1ABF25DCF313}
	EndGlobalSection
EndGlobal
