
Microsoft Visual Studio Solution File, Format Version 12.00
# Visual Studio Version 17
VisualStudioVersion = 17.13.35825.156 d17.13
MinimumVisualStudioVersion = 10.0.40219.1
Project("{FAE04EC0-301F-11D3-BF4B-00C04F79EFBC}") = "Uppgift_1.1", "Uppgift_1.1\Uppgift_1.1.csproj", "{21B8FEFC-E072-43FD-BDD3-DEC1E5CC5198}"
EndProject
Global
	GlobalSection(SolutionConfigurationPlatforms) = preSolution
		Debug|Any CPU = Debug|Any CPU
		Release|Any CPU = Release|Any CPU
	EndGlobalSection
	GlobalSection(ProjectConfigurationPlatforms) = postSolution
		{21B8FEFC-E072-43FD-BDD3-DEC1E5CC5198}.Debug|Any CPU.ActiveCfg = Debug|Any CPU
		{21B8FEFC-E072-43FD-BDD3-DEC1E5CC5198}.Debug|Any CPU.Build.0 = Debug|Any CPU
		{21B8FEFC-E072-43FD-BDD3-DEC1E5CC5198}.Release|Any CPU.ActiveCfg = Release|Any CPU
		{21B8FEFC-E072-43FD-BDD3-DEC1E5CC5198}.Release|Any CPU.Build.0 = Release|Any CPU
	EndGlobalSection
	GlobalSection(SolutionProperties) = preSolution
		HideSolutionNode = FALSE
	EndGlobalSection
	GlobalSection(ExtensibilityGlobals) = postSolution
		SolutionGuid = {C92E32C9-2832-4F0B-9F54-AD00511771BB}
	EndGlobalSection
EndGlobal
