
Microsoft Visual Studio Solution File, Format Version 12.00
# Visual Studio Version 17
VisualStudioVersion = 17.14.36301.6 d17.14
MinimumVisualStudioVersion = 10.0.40219.1
Project("{FAE04EC0-301F-11D3-BF4B-00C04F79EFBC}") = "Ahmed jabbar", "Ahmed jabbar\Ahmed jabbar.csproj", "{100CD17E-7D71-4922-8C1D-B5528EEC3961}"
EndProject
Global
	GlobalSection(SolutionConfigurationPlatforms) = preSolution
		Debug|Any CPU = Debug|Any CPU
		Release|Any CPU = Release|Any CPU
	EndGlobalSection
	GlobalSection(ProjectConfigurationPlatforms) = postSolution
		{100CD17E-7D71-4922-8C1D-B5528EEC3961}.Debug|Any CPU.ActiveCfg = Debug|Any CPU
		{100CD17E-7D71-4922-8C1D-B5528EEC3961}.Debug|Any CPU.Build.0 = Debug|Any CPU
		{100CD17E-7D71-4922-8C1D-B5528EEC3961}.Release|Any CPU.ActiveCfg = Release|Any CPU
		{100CD17E-7D71-4922-8C1D-B5528EEC3961}.Release|Any CPU.Build.0 = Release|Any CPU
	EndGlobalSection
	GlobalSection(SolutionProperties) = preSolution
		HideSolutionNode = FALSE
	EndGlobalSection
	GlobalSection(ExtensibilityGlobals) = postSolution
		SolutionGuid = {C6281621-7F58-4AF2-B83A-392C50FAD650}
	EndGlobalSection
EndGlobal
