
Microsoft Visual Studio Solution File, Format Version 12.00
# Visual Studio Version 17
VisualStudioVersion = 17.14.36301.6 d17.14
MinimumVisualStudioVersion = 10.0.40219.1
Project("{FAE04EC0-301F-11D3-BF4B-00C04F79EFBC}") = "uppgift 7 - Adam N", "uppgift 7 - Adam N\uppgift 7 - Adam N.csproj", "{5789617E-E40A-46F9-B431-61EB6B08A9F9}"
EndProject
Global
	GlobalSection(SolutionConfigurationPlatforms) = preSolution
		Debug|Any CPU = Debug|Any CPU
		Release|Any CPU = Release|Any CPU
	EndGlobalSection
	GlobalSection(ProjectConfigurationPlatforms) = postSolution
		{5789617E-E40A-46F9-B431-61EB6B08A9F9}.Debug|Any CPU.ActiveCfg = Debug|Any CPU
		{5789617E-E40A-46F9-B431-61EB6B08A9F9}.Debug|Any CPU.Build.0 = Debug|Any CPU
		{5789617E-E40A-46F9-B431-61EB6B08A9F9}.Release|Any CPU.ActiveCfg = Release|Any CPU
		{5789617E-E40A-46F9-B431-61EB6B08A9F9}.Release|Any CPU.Build.0 = Release|Any CPU
	EndGlobalSection
	GlobalSection(SolutionProperties) = preSolution
		HideSolutionNode = FALSE
	EndGlobalSection
	GlobalSection(ExtensibilityGlobals) = postSolution
		SolutionGuid = {C113E1CB-AEDD-43DC-A181-97908549E7DE}
	EndGlobalSection
EndGlobal
