
Microsoft Visual Studio Solution File, Format Version 12.00
# Visual Studio Version 17
VisualStudioVersion = 17.14.36301.6 d17.14
MinimumVisualStudioVersion = 10.0.40219.1
Project("{FAE04EC0-301F-11D3-BF4B-00C04F79EFBC}") = "ConsoleApp1", "ConsoleApp1\ConsoleApp1.csproj", "{4ECF5217-EB86-43EC-A10C-507C48CA17D6}"
EndProject
Global
	GlobalSection(SolutionConfigurationPlatforms) = preSolution
		Debug|Any CPU = Debug|Any CPU
		Release|Any CPU = Release|Any CPU
	EndGlobalSection
	GlobalSection(ProjectConfigurationPlatforms) = postSolution
		{4ECF5217-EB86-43EC-A10C-507C48CA17D6}.Debug|Any CPU.ActiveCfg = Debug|Any CPU
		{4ECF5217-EB86-43EC-A10C-507C48CA17D6}.Debug|Any CPU.Build.0 = Debug|Any CPU
		{4ECF5217-EB86-43EC-A10C-507C48CA17D6}.Release|Any CPU.ActiveCfg = Release|Any CPU
		{4ECF5217-EB86-43EC-A10C-507C48CA17D6}.Release|Any CPU.Build.0 = Release|Any CPU
	EndGlobalSection
	GlobalSection(SolutionProperties) = preSolution
		HideSolutionNode = FALSE
	EndGlobalSection
	GlobalSection(ExtensibilityGlobals) = postSolution
		SolutionGuid = {DCD65DB1-FD6D-4CDE-9181-11E25C634325}
	EndGlobalSection
EndGlobal
