
Microsoft Visual Studio Solution File, Format Version 12.00
# Visual Studio Version 17
VisualStudioVersion = 17.14.36301.6 d17.14
MinimumVisualStudioVersion = 10.0.40219.1
Project("{FAE04EC0-301F-11D3-BF4B-00C04F79EFBC}") = "EmilUppg6", "EmilUppg6.csproj", "{619A1AE0-5D28-4724-BB13-8DACA67BE93D}"
EndProject
Global
	GlobalSection(SolutionConfigurationPlatforms) = preSolution
		Debug|Any CPU = Debug|Any CPU
		Release|Any CPU = Release|Any CPU
	EndGlobalSection
	GlobalSection(ProjectConfigurationPlatforms) = postSolution
		{619A1AE0-5D28-4724-BB13-8DACA67BE93D}.Debug|Any CPU.ActiveCfg = Debug|Any CPU
		{619A1AE0-5D28-4724-BB13-8DACA67BE93D}.Debug|Any CPU.Build.0 = Debug|Any CPU
		{619A1AE0-5D28-4724-BB13-8DACA67BE93D}.Release|Any CPU.ActiveCfg = Release|Any CPU
		{619A1AE0-5D28-4724-BB13-8DACA67BE93D}.Release|Any CPU.Build.0 = Release|Any CPU
	EndGlobalSection
	GlobalSection(SolutionProperties) = preSolution
		HideSolutionNode = FALSE
	EndGlobalSection
	GlobalSection(ExtensibilityGlobals) = postSolution
		SolutionGuid = {3D10CD4F-D90D-4631-9804-71BF748F0C2C}
	EndGlobalSection
EndGlobal
