
Microsoft Visual Studio Solution File, Format Version 12.00
# Visual Studio Version 17
VisualStudioVersion = 17.13.35825.156 d17.13
MinimumVisualStudioVersion = 10.0.40219.1
Project("{FAE04EC0-301F-11D3-BF4B-00C04F79EFBC}") = "Uppgift 2.0", "Uppgift 2.0\Uppgift 2.0.csproj", "{1A5671EA-B943-4E32-8173-5AEE341B2D05}"
EndProject
Global
	GlobalSection(SolutionConfigurationPlatforms) = preSolution
		Debug|Any CPU = Debug|Any CPU
		Release|Any CPU = Release|Any CPU
	EndGlobalSection
	GlobalSection(ProjectConfigurationPlatforms) = postSolution
		{1A5671EA-B943-4E32-8173-5AEE341B2D05}.Debug|Any CPU.ActiveCfg = Debug|Any CPU
		{1A5671EA-B943-4E32-8173-5AEE341B2D05}.Debug|Any CPU.Build.0 = Debug|Any CPU
		{1A5671EA-B943-4E32-8173-5AEE341B2D05}.Release|Any CPU.ActiveCfg = Release|Any CPU
		{1A5671EA-B943-4E32-8173-5AEE341B2D05}.Release|Any CPU.Build.0 = Release|Any CPU
	EndGlobalSection
	GlobalSection(SolutionProperties) = preSolution
		HideSolutionNode = FALSE
	EndGlobalSection
	GlobalSection(ExtensibilityGlobals) = postSolution
		SolutionGuid = {9E077CE9-F399-4038-9396-AF80506B23F5}
	EndGlobalSection
EndGlobal
