
Microsoft Visual Studio Solution File, Format Version 12.00
# Visual Studio Version 17
VisualStudioVersion = 17.14.36301.6 d17.14
MinimumVisualStudioVersion = 10.0.40219.1
Project("{FAE04EC0-301F-11D3-BF4B-00C04F79EFBC}") = "Lejjandro_Switch", "Lejjandro_Switch\Lejjandro_Switch.csproj", "{D1A0F568-9A1F-46EB-AEF1-94C76ACE9E90}"
EndProject
Global
	GlobalSection(SolutionConfigurationPlatforms) = preSolution
		Debug|Any CPU = Debug|Any CPU
		Release|Any CPU = Release|Any CPU
	EndGlobalSection
	GlobalSection(ProjectConfigurationPlatforms) = postSolution
		{D1A0F568-9A1F-46EB-AEF1-94C76ACE9E90}.Debug|Any CPU.ActiveCfg = Debug|Any CPU
		{D1A0F568-9A1F-46EB-AEF1-94C76ACE9E90}.Debug|Any CPU.Build.0 = Debug|Any CPU
		{D1A0F568-9A1F-46EB-AEF1-94C76ACE9E90}.Release|Any CPU.ActiveCfg = Release|Any CPU
		{D1A0F568-9A1F-46EB-AEF1-94C76ACE9E90}.Release|Any CPU.Build.0 = Release|Any CPU
	EndGlobalSection
	GlobalSection(SolutionProperties) = preSolution
		HideSolutionNode = FALSE
	EndGlobalSection
	GlobalSection(ExtensibilityGlobals) = postSolution
		SolutionGuid = {971723E8-764F-48A1-A759-23FC9A894BB6}
	EndGlobalSection
EndGlobal
