
Microsoft Visual Studio Solution File, Format Version 12.00
# Visual Studio Version 17
VisualStudioVersion = 17.14.36301.6 d17.14
MinimumVisualStudioVersion = 10.0.40219.1
Project("{FAE04EC0-301F-11D3-BF4B-00C04F79EFBC}") = "uppgift 03 Adam N", "uppgift 03 Adam N\uppgift 03 Adam N.csproj", "{41823B44-C06A-4B5C-9A97-C851E1C46F39}"
EndProject
Global
	GlobalSection(SolutionConfigurationPlatforms) = preSolution
		Debug|Any CPU = Debug|Any CPU
		Release|Any CPU = Release|Any CPU
	EndGlobalSection
	GlobalSection(ProjectConfigurationPlatforms) = postSolution
		{41823B44-C06A-4B5C-9A97-C851E1C46F39}.Debug|Any CPU.ActiveCfg = Debug|Any CPU
		{41823B44-C06A-4B5C-9A97-C851E1C46F39}.Debug|Any CPU.Build.0 = Debug|Any CPU
		{41823B44-C06A-4B5C-9A97-C851E1C46F39}.Release|Any CPU.ActiveCfg = Release|Any CPU
		{41823B44-C06A-4B5C-9A97-C851E1C46F39}.Release|Any CPU.Build.0 = Release|Any CPU
	EndGlobalSection
	GlobalSection(SolutionProperties) = preSolution
		HideSolutionNode = FALSE
	EndGlobalSection
	GlobalSection(ExtensibilityGlobals) = postSolution
		SolutionGuid = {4C9402EE-7617-4BA2-9710-2B76323BA447}
	EndGlobalSection
EndGlobal
