
Microsoft Visual Studio Solution File, Format Version 12.00
# Visual Studio Version 17
VisualStudioVersion = 17.14.36301.6 d17.14
MinimumVisualStudioVersion = 10.0.40219.1
Project("{FAE04EC0-301F-11D3-BF4B-00C04F79EFBC}") = "klasser", "klasser\klasser.csproj", "{C9710A0E-38B8-444E-85D4-0A6A0796993A}"
EndProject
Global
	GlobalSection(SolutionConfigurationPlatforms) = preSolution
		Debug|Any CPU = Debug|Any CPU
		Release|Any CPU = Release|Any CPU
	EndGlobalSection
	GlobalSection(ProjectConfigurationPlatforms) = postSolution
		{C9710A0E-38B8-444E-85D4-0A6A0796993A}.Debug|Any CPU.ActiveCfg = Debug|Any CPU
		{C9710A0E-38B8-444E-85D4-0A6A0796993A}.Debug|Any CPU.Build.0 = Debug|Any CPU
		{C9710A0E-38B8-444E-85D4-0A6A0796993A}.Release|Any CPU.ActiveCfg = Release|Any CPU
		{C9710A0E-38B8-444E-85D4-0A6A0796993A}.Release|Any CPU.Build.0 = Release|Any CPU
	EndGlobalSection
	GlobalSection(SolutionProperties) = preSolution
		HideSolutionNode = FALSE
	EndGlobalSection
	GlobalSection(ExtensibilityGlobals) = postSolution
		SolutionGuid = {092E02F0-6FA5-472E-978B-213579B878B1}
	EndGlobalSection
EndGlobal
